
Microsoft Visual Studio Solution File, Format Version 12.00
# Visual Studio Version 17
VisualStudioVersion = 17.7.34031.279
MinimumVisualStudioVersion = 10.0.40219.1
Project("{8BC9CEB8-8B4A-11D0-8D11-00A0C91BC942}") = "CS32Homework1", "CS32Homework1.vcxproj", "{255A90CD-5F88-40E2-8A15-FAD5E161F158}"
EndProject
Global
	GlobalSection(SolutionConfigurationPlatforms) = preSolution
		Debug|x64 = Debug|x64
		Debug|x86 = Debug|x86
		Release|x64 = Release|x64
		Release|x86 = Release|x86
	EndGlobalSection
	GlobalSection(ProjectConfigurationPlatforms) = postSolution
		{255A90CD-5F88-40E2-8A15-FAD5E161F158}.Debug|x64.ActiveCfg = Debug|x64
		{255A90CD-5F88-40E2-8A15-FAD5E161F158}.Debug|x64.Build.0 = Debug|x64
		{255A90CD-5F88-40E2-8A15-FAD5E161F158}.Debug|x86.ActiveCfg = Debug|Win32
		{255A90CD-5F88-40E2-8A15-FAD5E161F158}.Debug|x86.Build.0 = Debug|Win32
		{255A90CD-5F88-40E2-8A15-FAD5E161F158}.Release|x64.ActiveCfg = Release|x64
		{255A90CD-5F88-40E2-8A15-FAD5E161F158}.Release|x64.Build.0 = Release|x64
		{255A90CD-5F88-40E2-8A15-FAD5E161F158}.Release|x86.ActiveCfg = Release|Win32
		{255A90CD-5F88-40E2-8A15-FAD5E161F158}.Release|x86.Build.0 = Release|Win32
	EndGlobalSection
	GlobalSection(SolutionProperties) = preSolution
		HideSolutionNode = FALSE
	EndGlobalSection
	GlobalSection(ExtensibilityGlobals) = postSolution
		SolutionGuid = {FB7A4F14-2403-4830-9B1A-A7AC89B5304E}
	EndGlobalSection
EndGlobal
