
Microsoft Visual Studio Solution File, Format Version 12.00
# Visual Studio Version 17
VisualStudioVersion = 17.7.34031.279
MinimumVisualStudioVersion = 10.0.40219.1
Project("{8BC9CEB8-8B4A-11D0-8D11-00A0C91BC942}") = "mazestack", "mazestack.vcxproj", "{A8E7D9DF-467A-42F9-8E62-2614E13B18DE}"
EndProject
Global
	GlobalSection(SolutionConfigurationPlatforms) = preSolution
		Debug|x64 = Debug|x64
		Debug|x86 = Debug|x86
		Release|x64 = Release|x64
		Release|x86 = Release|x86
	EndGlobalSection
	GlobalSection(ProjectConfigurationPlatforms) = postSolution
		{A8E7D9DF-467A-42F9-8E62-2614E13B18DE}.Debug|x64.ActiveCfg = Debug|x64
		{A8E7D9DF-467A-42F9-8E62-2614E13B18DE}.Debug|x64.Build.0 = Debug|x64
		{A8E7D9DF-467A-42F9-8E62-2614E13B18DE}.Debug|x86.ActiveCfg = Debug|Win32
		{A8E7D9DF-467A-42F9-8E62-2614E13B18DE}.Debug|x86.Build.0 = Debug|Win32
		{A8E7D9DF-467A-42F9-8E62-2614E13B18DE}.Release|x64.ActiveCfg = Release|x64
		{A8E7D9DF-467A-42F9-8E62-2614E13B18DE}.Release|x64.Build.0 = Release|x64
		{A8E7D9DF-467A-42F9-8E62-2614E13B18DE}.Release|x86.ActiveCfg = Release|Win32
		{A8E7D9DF-467A-42F9-8E62-2614E13B18DE}.Release|x86.Build.0 = Release|Win32
	EndGlobalSection
	GlobalSection(SolutionProperties) = preSolution
		HideSolutionNode = FALSE
	EndGlobalSection
	GlobalSection(ExtensibilityGlobals) = postSolution
		SolutionGuid = {804238C3-6271-4B67-8A43-319D0B5EA72D}
	EndGlobalSection
EndGlobal
